Microsoft Visual Studio Solution File, Format Version 12.00
# Visual Studio Version 17
VisualStudioVersion = 17.5.2.0
MinimumVisualStudioVersion = 10.0.40219.1
Project("{FAE04EC0-301F-11D3-BF4B-00C04F79EFBC}") = "hivemime-backend", "hivemime-backend.csproj", "{8FF4D14A-B3AA-C016-E7EC-A53016BB6F68}"
EndProject
Global
	GlobalSection(SolutionConfigurationPlatforms) = preSolution
		Debug|Any CPU = Debug|Any CPU
		Release|Any CPU = Release|Any CPU
	EndGlobalSection
	GlobalSection(ProjectConfigurationPlatforms) = postSolution
		{8FF4D14A-B3AA-C016-E7EC-A53016BB6F68}.Debug|Any CPU.ActiveCfg = Debug|Any CPU
		{8FF4D14A-B3AA-C016-E7EC-A53016BB6F68}.Debug|Any CPU.Build.0 = Debug|Any CPU
		{8FF4D14A-B3AA-C016-E7EC-A53016BB6F68}.Release|Any CPU.ActiveCfg = Release|Any CPU
		{8FF4D14A-B3AA-C016-E7EC-A53016BB6F68}.Release|Any CPU.Build.0 = Release|Any CPU
	EndGlobalSection
	GlobalSection(SolutionProperties) = preSolution
		HideSolutionNode = FALSE
	EndGlobalSection
	GlobalSection(ExtensibilityGlobals) = postSolution
		SolutionGuid = {BF8EB980-FE32-40E2-BFEE-DFC3F92D55A9}
	EndGlobalSection
EndGlobal
